
Microsoft Visual Studio Solution File, Format Version 12.00
# Visual Studio Version 17
VisualStudioVersion = 17.5.002.0
MinimumVisualStudioVersion = 10.0.40219.1
Project("{9A19103F-16F7-4668-BE54-9A1E7A4F7556}") = "avaliacao", "avaliacao.csproj", "{5FE66CC4-1140-4C68-BF10-9C8E6678EB1A}"
EndProject
Global
	GlobalSection(SolutionConfigurationPlatforms) = preSolution
		Debug|Any CPU = Debug|Any CPU
		Release|Any CPU = Release|Any CPU
	EndGlobalSection
	GlobalSection(ProjectConfigurationPlatforms) = postSolution
		{5FE66CC4-1140-4C68-BF10-9C8E6678EB1A}.Debug|Any CPU.ActiveCfg = Debug|Any CPU
		{5FE66CC4-1140-4C68-BF10-9C8E6678EB1A}.Debug|Any CPU.Build.0 = Debug|Any CPU
		{5FE66CC4-1140-4C68-BF10-9C8E6678EB1A}.Release|Any CPU.ActiveCfg = Release|Any CPU
		{5FE66CC4-1140-4C68-BF10-9C8E6678EB1A}.Release|Any CPU.Build.0 = Release|Any CPU
	EndGlobalSection
	GlobalSection(SolutionProperties) = preSolution
		HideSolutionNode = FALSE
	EndGlobalSection
	GlobalSection(ExtensibilityGlobals) = postSolution
		SolutionGuid = {76075B31-570B-40A6-95CF-C351649398C0}
	EndGlobalSection
EndGlobal
